
Microsoft Visual Studio Solution File, Format Version 12.00
# Visual Studio 15
VisualStudioVersion = 15.0.28307.645
MinimumVisualStudioVersion = 10.0.40219.1
Project("{FAE04EC0-301F-11D3-BF4B-00C04F79EFBC}") = "RevitFile_compare", "RevitFile_compare\RevitFile_compare.csproj", "{BB70A7AC-402D-486D-BFF8-17B760872716}"
EndProject
Global
	GlobalSection(SolutionConfigurationPlatforms) = preSolution
		Debug|Any CPU = Debug|Any CPU
		Release|Any CPU = Release|Any CPU
	EndGlobalSection
	GlobalSection(ProjectConfigurationPlatforms) = postSolution
		{BB70A7AC-402D-486D-BFF8-17B760872716}.Debug|Any CPU.ActiveCfg = Debug|Any CPU
		{BB70A7AC-402D-486D-BFF8-17B760872716}.Debug|Any CPU.Build.0 = Debug|Any CPU
		{BB70A7AC-402D-486D-BFF8-17B760872716}.Release|Any CPU.ActiveCfg = Release|Any CPU
		{BB70A7AC-402D-486D-BFF8-17B760872716}.Release|Any CPU.Build.0 = Release|Any CPU
	EndGlobalSection
	GlobalSection(SolutionProperties) = preSolution
		HideSolutionNode = FALSE
	EndGlobalSection
	GlobalSection(ExtensibilityGlobals) = postSolution
		SolutionGuid = {2EE5E926-C61B-498D-A244-1BA7E926043A}
	EndGlobalSection
EndGlobal
